{
  "name": "monopoly",
  "version": "1.0.0",
  "lockfileVersion": 1,
  "requires": true,
  "dependencies": {
    "babylon": {
      "version": "6.18.0",
      "resolved": "https://registry.npmjs.org/babylon/-/babylon-6.18.0.tgz",
      "integrity": "sha512-q/UEjfGJ2Cm3oKV71DJz9d25TPnq5rhBVL2Q4fA5wcC3jcrdn7+SssEybFIxwAvvP+YCsCYNKughoF33GxgycQ==",
      "dev": true
    },
    "faker": {
      "version": "4.1.0",
      "resolved": "https://registry.npmjs.org/faker/-/faker-4.1.0.tgz",
      "integrity": "sha1-HkW7vsxndLPBlfrSg1EJxtdIzD8="
    },
    "flow-bin": {
      "version": "0.79.1",
      "resolved": "https://registry.npmjs.org/flow-bin/-/flow-bin-0.79.1.tgz",
      "integrity": "sha512-GGetgxz6q9BNqqCQ8wgAGRtyYWXltn++39C6W8HKbS1QC59USfwm3YP3X+eITp7wbkwa+LGlhGfggqeQxOY1vw==",
      "dev": true
    },
    "flow-remove-types": {
      "version": "1.2.3",
      "resolved": "https://registry.npmjs.org/flow-remove-types/-/flow-remove-types-1.2.3.tgz",
      "integrity": "sha512-ypq/U3V+t9atYiOuSJd40tekCra03EHKoRsiK/wXGrsZimuum0kdwVY7Yv0HTaoXgHW1WiayomYd+Q3kkvPl9Q==",
      "dev": true,
      "requires": {
        "babylon": "^6.15.0",
        "vlq": "^0.2.1"
      }
    },
    "lodash": {
      "version": "4.17.10",
      "resolved": "https://registry.npmjs.org/lodash/-/lodash-4.17.10.tgz",
      "integrity": "sha512-UejweD1pDoXu+AD825lWwp4ZGtSwgnpZxb3JDViD7StjQz+Nb/6l093lx4OQ0foGWNRoc19mWy7BzL+UAK2iVg=="
    },
    "lodash.combinations": {
      "version": "18.6.25",
      "resolved": "https://registry.npmjs.org/lodash.combinations/-/lodash.combinations-18.6.25.tgz",
      "integrity": "sha1-PncFTJ1ySmWcWDmDKry5ocsIly4=",
      "requires": {
        "lodash": "^4.17.10"
      }
    },
    "vlq": {
      "version": "0.2.3",
      "resolved": "https://registry.npmjs.org/vlq/-/vlq-0.2.3.tgz",
      "integrity": "sha512-DRibZL6DsNhIgYQ+wNdWDL2SL3bKPlVrRiBqV5yuMm++op8W4kGFtaQfCs4KEJn0wBZcHVHJ3eoywX8983k1ow==",
      "dev": true
    }
  }
}
